
Microsoft Visual Studio Solution File, Format Version 12.00
# Visual Studio Version 16
VisualStudioVersion = 16.0.30317.65
MinimumVisualStudioVersion = 10.0.40219.1
Project("{9A19103F-16F7-4668-BE54-9A1E7A4F7556}") = "MailTester.WinForms.Core", "MailTester.WinForms.Core\MailTester.WinForms.Core.csproj", "{D9949792-DCE7-47C6-A77F-415CB0950B82}"
EndProject
Project("{FAE04EC0-301F-11D3-BF4B-00C04F79EFBC}") = "MailTester.WinForms.Framework", "MailTester.WinForms.Framework\MailTester.WinForms.Framework.csproj", "{B73E90C4-D45A-47CC-B323-31AAAE672DED}"
EndProject
Global
	GlobalSection(SolutionConfigurationPlatforms) = preSolution
		Debug|Any CPU = Debug|Any CPU
		Release|Any CPU = Release|Any CPU
	EndGlobalSection
	GlobalSection(ProjectConfigurationPlatforms) = postSolution
		{D9949792-DCE7-47C6-A77F-415CB0950B82}.Debug|Any CPU.ActiveCfg = Debug|Any CPU
		{D9949792-DCE7-47C6-A77F-415CB0950B82}.Debug|Any CPU.Build.0 = Debug|Any CPU
		{D9949792-DCE7-47C6-A77F-415CB0950B82}.Release|Any CPU.ActiveCfg = Release|Any CPU
		{D9949792-DCE7-47C6-A77F-415CB0950B82}.Release|Any CPU.Build.0 = Release|Any CPU
		{B73E90C4-D45A-47CC-B323-31AAAE672DED}.Debug|Any CPU.ActiveCfg = Debug|Any CPU
		{B73E90C4-D45A-47CC-B323-31AAAE672DED}.Debug|Any CPU.Build.0 = Debug|Any CPU
		{B73E90C4-D45A-47CC-B323-31AAAE672DED}.Release|Any CPU.ActiveCfg = Release|Any CPU
		{B73E90C4-D45A-47CC-B323-31AAAE672DED}.Release|Any CPU.Build.0 = Release|Any CPU
	EndGlobalSection
	GlobalSection(SolutionProperties) = preSolution
		HideSolutionNode = FALSE
	EndGlobalSection
	GlobalSection(ExtensibilityGlobals) = postSolution
		SolutionGuid = {796917BF-756A-480E-9B77-62228006916C}
	EndGlobalSection
EndGlobal
